Microsoft Visual Studio Solution File, Format Version 12.00
# Visual Studio 2012
Project("{FAE04EC0-301F-11D3-BF4B-00C04F79EFBC}") = "gamejam2d", "gamejam2d.csproj", "{054DADF7-B786-4731-912F-B5FBC967FB89}"
EndProject
Global
	GlobalSection(SolutionConfigurationPlatforms) = preSolution
	Debug|Any CPU = Debug|Any CPU
	ExportDebug|Any CPU = ExportDebug|Any CPU
	ExportRelease|Any CPU = ExportRelease|Any CPU
	EndGlobalSection
	GlobalSection(ProjectConfigurationPlatforms) = postSolution
		{054DADF7-B786-4731-912F-B5FBC967FB89}.Debug|Any CPU.ActiveCfg = Debug|Any CPU
		{054DADF7-B786-4731-912F-B5FBC967FB89}.Debug|Any CPU.Build.0 = Debug|Any CPU
		{054DADF7-B786-4731-912F-B5FBC967FB89}.ExportDebug|Any CPU.ActiveCfg = ExportDebug|Any CPU
		{054DADF7-B786-4731-912F-B5FBC967FB89}.ExportDebug|Any CPU.Build.0 = ExportDebug|Any CPU
		{054DADF7-B786-4731-912F-B5FBC967FB89}.ExportRelease|Any CPU.ActiveCfg = ExportRelease|Any CPU
		{054DADF7-B786-4731-912F-B5FBC967FB89}.ExportRelease|Any CPU.Build.0 = ExportRelease|Any CPU
	EndGlobalSection
EndGlobal
